
Microsoft Visual Studio Solution File, Format Version 12.00
# Visual Studio Version 16
VisualStudioVersion = 16.0.30114.105
MinimumVisualStudioVersion = 10.0.40219.1
Project("{FAE04EC0-301F-11D3-BF4B-00C04F79EFBC}") = "CacheStrategies", "CacheStrategies.csproj", "{76EDC140-6FC6-4D8E-B4AE-9A3FC6CFA0DE}"
EndProject
Global
	GlobalSection(SolutionConfigurationPlatforms) = preSolution
		Debug|Any CPU = Debug|Any CPU
		Debug|x64 = Debug|x64
		Debug|x86 = Debug|x86
		Release|Any CPU = Release|Any CPU
		Release|x64 = Release|x64
		Release|x86 = Release|x86
	EndGlobalSection
	GlobalSection(SolutionProperties) = preSolution
		HideSolutionNode = FALSE
	EndGlobalSection
	GlobalSection(ProjectConfigurationPlatforms) = postSolution
		{76EDC140-6FC6-4D8E-B4AE-9A3FC6CFA0DE}.Debug|Any CPU.ActiveCfg = Debug|Any CPU
		{76EDC140-6FC6-4D8E-B4AE-9A3FC6CFA0DE}.Debug|Any CPU.Build.0 = Debug|Any CPU
		{76EDC140-6FC6-4D8E-B4AE-9A3FC6CFA0DE}.Debug|x64.ActiveCfg = Debug|Any CPU
		{76EDC140-6FC6-4D8E-B4AE-9A3FC6CFA0DE}.Debug|x64.Build.0 = Debug|Any CPU
		{76EDC140-6FC6-4D8E-B4AE-9A3FC6CFA0DE}.Debug|x86.ActiveCfg = Debug|Any CPU
		{76EDC140-6FC6-4D8E-B4AE-9A3FC6CFA0DE}.Debug|x86.Build.0 = Debug|Any CPU
		{76EDC140-6FC6-4D8E-B4AE-9A3FC6CFA0DE}.Release|Any CPU.ActiveCfg = Release|Any CPU
		{76EDC140-6FC6-4D8E-B4AE-9A3FC6CFA0DE}.Release|Any CPU.Build.0 = Release|Any CPU
		{76EDC140-6FC6-4D8E-B4AE-9A3FC6CFA0DE}.Release|x64.ActiveCfg = Release|Any CPU
		{76EDC140-6FC6-4D8E-B4AE-9A3FC6CFA0DE}.Release|x64.Build.0 = Release|Any CPU
		{76EDC140-6FC6-4D8E-B4AE-9A3FC6CFA0DE}.Release|x86.ActiveCfg = Release|Any CPU
		{76EDC140-6FC6-4D8E-B4AE-9A3FC6CFA0DE}.Release|x86.Build.0 = Release|Any CPU
	EndGlobalSection
EndGlobal
